// !$*UTF8*$!
{
	archiveVersion = 1;
	classes = {
	};
	objectVersion = 55;
	objects = {

/* Begin PBXBuildFile section */
		9215491228A8062B00DB2EA5 /* AppDelegate.swift in Sources */ = {isa = PBXBuildFile; fileRef = 9215491128A8062B00DB2EA5 /* AppDelegate.swift */; };
		9215491428A8062B00DB2EA5 /* SceneDelegate.swift in Sources */ = {isa = PBXBuildFile; fileRef = 9215491328A8062B00DB2EA5 /* SceneDelegate.swift */; };
		9215491628A8062B00DB2EA5 /* ViewController.swift in Sources */ = {isa = PBXBuildFile; fileRef = 9215491528A8062B00DB2EA5 /* ViewController.swift */; };
		9215491B28A8062C00DB2EA5 /* Assets.xcassets in Resources */ = {isa = PBXBuildFile; fileRef = 9215491A28A8062C00DB2EA5 /* Assets.xcassets */; };
		9215491E28A8062C00DB2EA5 /* LaunchScreen.storyboard in Resources */ = {isa = PBXBuildFile; fileRef = 9215491C28A8062C00DB2EA5 /* LaunchScreen.storyboard */; };
		9215492928A8062C00DB2EA5 /* CollectionViewCompositionalLayoutDemoTests.swift in Sources */ = {isa = PBXBuildFile; fileRef = 9215492828A8062C00DB2EA5 /* CollectionViewCompositionalLayoutDemoTests.swift */; };
		9215493328A8062C00DB2EA5 /* CollectionViewCompositionalLayoutDemoUITests.swift in Sources */ = {isa = PBXBuildFile; fileRef = 9215493228A8062C00DB2EA5 /* CollectionViewCompositionalLayoutDemoUITests.swift */; };
		9215493528A8062C00DB2EA5 /* CollectionViewCompositionalLayoutDemoUITestsLaunchTests.swift in Sources */ = {isa = PBXBuildFile; fileRef = 9215493428A8062C00DB2EA5 /* CollectionViewCompositionalLayoutDemoUITestsLaunchTests.swift */; };
		9215494428A8A81200DB2EA5 /* DeviceDTO.swift in Sources */ = {isa = PBXBuildFile; fileRef = 9215494328A8A81200DB2EA5 /* DeviceDTO.swift */; };
		9215494628A8A8CC00DB2EA5 /* DeviceCollectionViewCell.swift in Sources */ = {isa = PBXBuildFile; fileRef = 9215494528A8A8CC00DB2EA5 /* DeviceCollectionViewCell.swift */; };
		9215495628AD3A6700DB2EA5 /* CameraCollectionViewCell.swift in Sources */ = {isa = PBXBuildFile; fileRef = 9215495528AD3A6700DB2EA5 /* CameraCollectionViewCell.swift */; };
		9215495828AD3CA900DB2EA5 /* CameraCollectionView.swift in Sources */ = {isa = PBXBuildFile; fileRef = 9215495728AD3CA900DB2EA5 /* CameraCollectionView.swift */; };
		9215495A28AD3FD900DB2EA5 /* CameraDTO.swift in Sources */ = {isa = PBXBuildFile; fileRef = 9215495928AD3FD900DB2EA5 /* CameraDTO.swift */; };
		92E8D9FB28BBB080003BFCFC /* MovieTableView.swift in Sources */ = {isa = PBXBuildFile; fileRef = 92E8D9FA28BBB080003BFCFC /* MovieTableView.swift */; };
		92E8D9FD28BBB105003BFCFC /* Utility.swift in Sources */ = {isa = PBXBuildFile; fileRef = 92E8D9FC28BBB104003BFCFC /* Utility.swift */; };
		92E8D9FF28BBB739003BFCFC /* MovieTableViewCell.swift in Sources */ = {isa = PBXBuildFile; fileRef = 92E8D9FE28BBB739003BFCFC /* MovieTableViewCell.swift */; };
		92E8DA0128BD11E6003BFCFC /* DogCollectionView.swift in Sources */ = {isa = PBXBuildFile; fileRef = 92E8DA0028BD11E6003BFCFC /* DogCollectionView.swift */; };
		92E8DA0328BD13F7003BFCFC /* DogCollectionViewCell.swift in Sources */ = {isa = PBXBuildFile; fileRef = 92E8DA0228BD13F7003BFCFC /* DogCollectionViewCell.swift */; };
		92E8DA1428C0EB4E003BFCFC /* NetworkService.swift in Sources */ = {isa = PBXBuildFile; fileRef = 92E8DA1328C0EB4E003BFCFC /* NetworkService.swift */; };
		92E8DA1628C0F45B003BFCFC /* FeaturedCollection.swift in Sources */ = {isa = PBXBuildFile; fileRef = 92E8DA1528C0F45B003BFCFC /* FeaturedCollection.swift */; };
		92E8DA1A28C25844003BFCFC /* CameraCollecionViewModel.swift in Sources */ = {isa = PBXBuildFile; fileRef = 92E8DA1928C25844003BFCFC /* CameraCollecionViewModel.swift */; };
/* End PBXBuildFile section */

/* Begin PBXContainerItemProxy section */
		9215492528A8062C00DB2EA5 /* PBXContainerItemProxy */ = {
			isa = PBXContainerItemProxy;
			containerPortal = 9215490628A8062B00DB2EA5 /* Project object */;
			proxyType = 1;
			remoteGlobalIDString = 9215490D28A8062B00DB2EA5;
			remoteInfo = CollectionViewCompositionalLayoutDemo;
		};
		9215492F28A8062C00DB2EA5 /* PBXContainerItemProxy */ = {
			isa = PBXContainerItemProxy;
			containerPortal = 9215490628A8062B00DB2EA5 /* Project object */;
			proxyType = 1;
			remoteGlobalIDString = 9215490D28A8062B00DB2EA5;
			remoteInfo = CollectionViewCompositionalLayoutDemo;
		};
/* End PBXContainerItemProxy section */

/* Begin PBXFileReference section */
		9215490E28A8062B00DB2EA5 /* CollectionViewCompositionalLayoutDemo.app */ = {isa = PBXFileReference; explicitFileType = wrapper.application; includeInIndex = 0; path = CollectionViewCompositionalLayoutDemo.app; sourceTree = BUILT_PRODUCTS_DIR; };
		9215491128A8062B00DB2EA5 /* AppDelegate.swift */ = {isa = PBXFileReference; lastKnownFileType = sourcecode.swift; path = AppDelegate.swift; sourceTree = "<group>"; };
		9215491328A8062B00DB2EA5 /* SceneDelegate.swift */ = {isa = PBXFileReference; lastKnownFileType = sourcecode.swift; path = SceneDelegate.swift; sourceTree = "<group>"; };
		9215491528A8062B00DB2EA5 /* ViewController.swift */ = {isa = PBXFileReference; lastKnownFileType = sourcecode.swift; path = ViewController.swift; sourceTree = "<group>"; };
		9215491A28A8062C00DB2EA5 /* Assets.xcassets */ = {isa = PBXFileReference; lastKnownFileType = folder.assetcatalog; path = Assets.xcassets; sourceTree = "<group>"; };
		9215491D28A8062C00DB2EA5 /* Base */ = {isa = PBXFileReference; lastKnownFileType = file.storyboard; name = Base; path = Base.lproj/LaunchScreen.storyboard; sourceTree = "<group>"; };
		9215491F28A8062C00DB2EA5 /* Info.plist */ = {isa = PBXFileReference; lastKnownFileType = text.plist.xml; path = Info.plist; sourceTree = "<group>"; };
		9215492428A8062C00DB2EA5 /* CollectionViewCompositionalLayoutDemoTests.xctest */ = {isa = PBXFileReference; explicitFileType = wrapper.cfbundle; includeInIndex = 0; path = CollectionViewCompositionalLayoutDemoTests.xctest; sourceTree = BUILT_PRODUCTS_DIR; };
		9215492828A8062C00DB2EA5 /* CollectionViewCompositionalLayoutDemoTests.swift */ = {isa = PBXFileReference; lastKnownFileType = sourcecode.swift; path = CollectionViewCompositionalLayoutDemoTests.swift; sourceTree = "<group>"; };
		9215492E28A8062C00DB2EA5 /* CollectionViewCompositionalLayoutDemoUITests.xctest */ = {isa = PBXFileReference; explicitFileType = wrapper.cfbundle; includeInIndex = 0; path = CollectionViewCompositionalLayoutDemoUITests.xctest; sourceTree = BUILT_PRODUCTS_DIR; };
		9215493228A8062C00DB2EA5 /* CollectionViewCompositionalLayoutDemoUITests.swift */ = {isa = PBXFileReference; lastKnownFileType = sourcecode.swift; path = CollectionViewCompositionalLayoutDemoUITests.swift; sourceTree = "<group>"; };
		9215493428A8062C00DB2EA5 /* CollectionViewCompositionalLayoutDemoUITestsLaunchTests.swift */ = {isa = PBXFileReference; lastKnownFileType = sourcecode.swift; path = CollectionViewCompositionalLayoutDemoUITestsLaunchTests.swift; sourceTree = "<group>"; };
		9215494328A8A81200DB2EA5 /* DeviceDTO.swift */ = {isa = PBXFileReference; lastKnownFileType = sourcecode.swift; path = DeviceDTO.swift; sourceTree = "<group>"; };
		9215494528A8A8CC00DB2EA5 /* DeviceCollectionViewCell.swift */ = {isa = PBXFileReference; lastKnownFileType = sourcecode.swift; path = DeviceCollectionViewCell.swift; sourceTree = "<group>"; };
		9215495528AD3A6700DB2EA5 /* CameraCollectionViewCell.swift */ = {isa = PBXFileReference; lastKnownFileType = sourcecode.swift; path = CameraCollectionViewCell.swift; sourceTree = "<group>"; };
		9215495728AD3CA900DB2EA5 /* CameraCollectionView.swift */ = {isa = PBXFileReference; lastKnownFileType = sourcecode.swift; path = CameraCollectionView.swift; sourceTree = "<group>"; };
		9215495928AD3FD900DB2EA5 /* CameraDTO.swift */ = {isa = PBXFileReference; lastKnownFileType = sourcecode.swift; path = CameraDTO.swift; sourceTree = "<group>"; };
		92E8D9FA28BBB080003BFCFC /* MovieTableView.swift */ = {isa = PBXFileReference; lastKnownFileType = sourcecode.swift; path = MovieTableView.swift; sourceTree = "<group>"; };
		92E8D9FC28BBB104003BFCFC /* Utility.swift */ = {isa = PBXFileReference; lastKnownFileType = sourcecode.swift; path = Utility.swift; sourceTree = "<group>"; };
		92E8D9FE28BBB739003BFCFC /* MovieTableViewCell.swift */ = {isa = PBXFileReference; lastKnownFileType = sourcecode.swift; path = MovieTableViewCell.swift; sourceTree = "<group>"; };
		92E8DA0028BD11E6003BFCFC /* DogCollectionView.swift */ = {isa = PBXFileReference; lastKnownFileType = sourcecode.swift; path = DogCollectionView.swift; sourceTree = "<group>"; };
		92E8DA0228BD13F7003BFCFC /* DogCollectionViewCell.swift */ = {isa = PBXFileReference; lastKnownFileType = sourcecode.swift; path = DogCollectionViewCell.swift; sourceTree = "<group>"; };
		92E8DA1328C0EB4E003BFCFC /* NetworkService.swift */ = {isa = PBXFileReference; lastKnownFileType = sourcecode.swift; path = NetworkService.swift; sourceTree = "<group>"; };
		92E8DA1528C0F45B003BFCFC /* FeaturedCollection.swift */ = {isa = PBXFileReference; lastKnownFileType = sourcecode.swift; path = FeaturedCollection.swift; sourceTree = "<group>"; };
		92E8DA1928C25844003BFCFC /* CameraCollecionViewModel.swift */ = {isa = PBXFileReference; lastKnownFileType = sourcecode.swift; path = CameraCollecionViewModel.swift; sourceTree = "<group>"; };
/* End PBXFileReference section */

/* Begin PBXFrameworksBuildPhase section */
		9215490B28A8062B00DB2EA5 /* Frameworks */ = {
			isa = PBXFrameworksBuildPhase;
			buildActionMask = 2147483647;
			files = (
			);
			runOnlyForDeploymentPostprocessing = 0;
		};
		9215492128A8062C00DB2EA5 /* Frameworks */ = {
			isa = PBXFrameworksBuildPhase;
			buildActionMask = 2147483647;
			files = (
			);
			runOnlyForDeploymentPostprocessing = 0;
		};
		9215492B28A8062C00DB2EA5 /* Frameworks */ = {
			isa = PBXFrameworksBuildPhase;
			buildActionMask = 2147483647;
			files = (
			);
			runOnlyForDeploymentPostprocessing = 0;
		};
/* End PBXFrameworksBuildPhase section */

/* Begin PBXGroup section */
		9215490528A8062B00DB2EA5 = {
			isa = PBXGroup;
			children = (
				9215491028A8062B00DB2EA5 /* CollectionViewCompositionalLayoutDemo */,
				9215492728A8062C00DB2EA5 /* CollectionViewCompositionalLayoutDemoTests */,
				9215493128A8062C00DB2EA5 /* CollectionViewCompositionalLayoutDemoUITests */,
				9215490F28A8062B00DB2EA5 /* Products */,
			);
			sourceTree = "<group>";
		};
		9215490F28A8062B00DB2EA5 /* Products */ = {
			isa = PBXGroup;
			children = (
				9215490E28A8062B00DB2EA5 /* CollectionViewCompositionalLayoutDemo.app */,
				9215492428A8062C00DB2EA5 /* CollectionViewCompositionalLayoutDemoTests.xctest */,
				9215492E28A8062C00DB2EA5 /* CollectionViewCompositionalLayoutDemoUITests.xctest */,
			);
			name = Products;
			sourceTree = "<group>";
		};
		9215491028A8062B00DB2EA5 /* CollectionViewCompositionalLayoutDemo */ = {
			isa = PBXGroup;
			children = (
				92E8DA1828C25831003BFCFC /* ViewModels */,
				92E8DA1228C0EB35003BFCFC /* Networks */,
				92E8D9F928BBB06A003BFCFC /* TableView */,
				9215495228AD3A1C00DB2EA5 /* CollectionView */,
				9215494128A8A77D00DB2EA5 /* Models */,
				9215491128A8062B00DB2EA5 /* AppDelegate.swift */,
				9215491328A8062B00DB2EA5 /* SceneDelegate.swift */,
				9215491528A8062B00DB2EA5 /* ViewController.swift */,
				9215491A28A8062C00DB2EA5 /* Assets.xcassets */,
				9215491C28A8062C00DB2EA5 /* LaunchScreen.storyboard */,
				9215491F28A8062C00DB2EA5 /* Info.plist */,
				92E8D9FC28BBB104003BFCFC /* Utility.swift */,
			);
			path = CollectionViewCompositionalLayoutDemo;
			sourceTree = "<group>";
		};
		9215492728A8062C00DB2EA5 /* CollectionViewCompositionalLayoutDemoTests */ = {
			isa = PBXGroup;
			children = (
				9215492828A8062C00DB2EA5 /* CollectionViewCompositionalLayoutDemoTests.swift */,
			);
			path = CollectionViewCompositionalLayoutDemoTests;
			sourceTree = "<group>";
		};
		9215493128A8062C00DB2EA5 /* CollectionViewCompositionalLayoutDemoUITests */ = {
			isa = PBXGroup;
			children = (
				9215493228A8062C00DB2EA5 /* CollectionViewCompositionalLayoutDemoUITests.swift */,
				9215493428A8062C00DB2EA5 /* CollectionViewCompositionalLayoutDemoUITestsLaunchTests.swift */,
			);
			path = CollectionViewCompositionalLayoutDemoUITests;
			sourceTree = "<group>";
		};
		9215494128A8A77D00DB2EA5 /* Models */ = {
			isa = PBXGroup;
			children = (
				9215495928AD3FD900DB2EA5 /* CameraDTO.swift */,
				9215494328A8A81200DB2EA5 /* DeviceDTO.swift */,
				9215494528A8A8CC00DB2EA5 /* DeviceCollectionViewCell.swift */,
				92E8DA1528C0F45B003BFCFC /* FeaturedCollection.swift */,
			);
			path = Models;
			sourceTree = "<group>";
		};
		9215495228AD3A1C00DB2EA5 /* CollectionView */ = {
			isa = PBXGroup;
			children = (
				9215495528AD3A6700DB2EA5 /* CameraCollectionViewCell.swift */,
				9215495728AD3CA900DB2EA5 /* CameraCollectionView.swift */,
				92E8DA0028BD11E6003BFCFC /* DogCollectionView.swift */,
				92E8DA0228BD13F7003BFCFC /* DogCollectionViewCell.swift */,
			);
			path = CollectionView;
			sourceTree = "<group>";
		};
		92E8D9F928BBB06A003BFCFC /* TableView */ = {
			isa = PBXGroup;
			children = (
				92E8D9FA28BBB080003BFCFC /* MovieTableView.swift */,
				92E8D9FE28BBB739003BFCFC /* MovieTableViewCell.swift */,
			);
			path = TableView;
			sourceTree = "<group>";
		};
		92E8DA1228C0EB35003BFCFC /* Networks */ = {
			isa = PBXGroup;
			children = (
				92E8DA1328C0EB4E003BFCFC /* NetworkService.swift */,
			);
			path = Networks;
			sourceTree = "<group>";
		};
		92E8DA1828C25831003BFCFC /* ViewModels */ = {
			isa = PBXGroup;
			children = (
				92E8DA1928C25844003BFCFC /* CameraCollecionViewModel.swift */,
			);
			path = ViewModels;
			sourceTree = "<group>";
		};
/* End PBXGroup section */

/* Begin PBXNativeTarget section */
		9215490D28A8062B00DB2EA5 /* CollectionViewCompositionalLayoutDemo */ = {
			isa = PBXNativeTarget;
			buildConfigurationList = 9215493828A8062C00DB2EA5 /* Build configuration list for PBXNativeTarget "CollectionViewCompositionalLayoutDemo" */;
			buildPhases = (
				9215490A28A8062B00DB2EA5 /* Sources */,
				9215490B28A8062B00DB2EA5 /* Frameworks */,
				9215490C28A8062B00DB2EA5 /* Resources */,
			);
			buildRules = (
			);
			dependencies = (
			);
			name = CollectionViewCompositionalLayoutDemo;
			productName = CollectionViewCompositionalLayoutDemo;
			productReference = 9215490E28A8062B00DB2EA5 /* CollectionViewCompositionalLayoutDemo.app */;
			productType = "com.apple.product-type.application";
		};
		9215492328A8062C00DB2EA5 /* CollectionViewCompositionalLayoutDemoTests */ = {
			isa = PBXNativeTarget;
			buildConfigurationList = 9215493B28A8062C00DB2EA5 /* Build configuration list for PBXNativeTarget "CollectionViewCompositionalLayoutDemoTests" */;
			buildPhases = (
				9215492028A8062C00DB2EA5 /* Sources */,
				9215492128A8062C00DB2EA5 /* Frameworks */,
				9215492228A8062C00DB2EA5 /* Resources */,
			);
			buildRules = (
			);
			dependencies = (
				9215492628A8062C00DB2EA5 /* PBXTargetDependency */,
			);
			name = CollectionViewCompositionalLayoutDemoTests;
			productName = CollectionViewCompositionalLayoutDemoTests;
			productReference = 9215492428A8062C00DB2EA5 /* CollectionViewCompositionalLayoutDemoTests.xctest */;
			productType = "com.apple.product-type.bundle.unit-test";
		};
		9215492D28A8062C00DB2EA5 /* CollectionViewCompositionalLayoutDemoUITests */ = {
			isa = PBXNativeTarget;
			buildConfigurationList = 9215493E28A8062C00DB2EA5 /* Build configuration list for PBXNativeTarget "CollectionViewCompositionalLayoutDemoUITests" */;
			buildPhases = (
				9215492A28A8062C00DB2EA5 /* Sources */,
				9215492B28A8062C00DB2EA5 /* Frameworks */,
				9215492C28A8062C00DB2EA5 /* Resources */,
			);
			buildRules = (
			);
			dependencies = (
				9215493028A8062C00DB2EA5 /* PBXTargetDependency */,
			);
			name = CollectionViewCompositionalLayoutDemoUITests;
			productName = CollectionViewCompositionalLayoutDemoUITests;
			productReference = 9215492E28A8062C00DB2EA5 /* CollectionViewCompositionalLayoutDemoUITests.xctest */;
			productType = "com.apple.product-type.bundle.ui-testing";
		};
/* End PBXNativeTarget section */

/* Begin PBXProject section */
		9215490628A8062B00DB2EA5 /* Project object */ = {
			isa = PBXProject;
			attributes = {
				BuildIndependentTargetsInParallel = 1;
				LastSwiftUpdateCheck = 1340;
				LastUpgradeCheck = 1340;
				TargetAttributes = {
					9215490D28A8062B00DB2EA5 = {
						CreatedOnToolsVersion = 13.4;
					};
					9215492328A8062C00DB2EA5 = {
						CreatedOnToolsVersion = 13.4;
						TestTargetID = 9215490D28A8062B00DB2EA5;
					};
					9215492D28A8062C00DB2EA5 = {
						CreatedOnToolsVersion = 13.4;
						TestTargetID = 9215490D28A8062B00DB2EA5;
					};
				};
			};
			buildConfigurationList = 9215490928A8062B00DB2EA5 /* Build configuration list for PBXProject "CollectionViewCompositionalLayoutDemo" */;
			compatibilityVersion = "Xcode 13.0";
			developmentRegion = en;
			hasScannedForEncodings = 0;
			knownRegions = (
				en,
				Base,
			);
			mainGroup = 9215490528A8062B00DB2EA5;
			productRefGroup = 9215490F28A8062B00DB2EA5 /* Products */;
			projectDirPath = "";
			projectRoot = "";
			targets = (
				9215490D28A8062B00DB2EA5 /* CollectionViewCompositionalLayoutDemo */,
				9215492328A8062C00DB2EA5 /* CollectionViewCompositionalLayoutDemoTests */,
				9215492D28A8062C00DB2EA5 /* CollectionViewCompositionalLayoutDemoUITests */,
			);
		};
/* End PBXProject section */

/* Begin PBXResourcesBuildPhase section */
		9215490C28A8062B00DB2EA5 /* Resources */ = {
			isa = PBXResourcesBuildPhase;
			buildActionMask = 2147483647;
			files = (
				9215491E28A8062C00DB2EA5 /* LaunchScreen.storyboard in Resources */,
				9215491B28A8062C00DB2EA5 /* Assets.xcassets in Resources */,
			);
			runOnlyForDeploymentPostprocessing = 0;
		};
		9215492228A8062C00DB2EA5 /* Resources */ = {
			isa = PBXResourcesBuildPhase;
			buildActionMask = 2147483647;
			files = (
			);
			runOnlyForDeploymentPostprocessing = 0;
		};
		9215492C28A8062C00DB2EA5 /* Resources */ = {
			isa = PBXResourcesBuildPhase;
			buildActionMask = 2147483647;
			files = (
			);
			runOnlyForDeploymentPostprocessing = 0;
		};
/* End PBXResourcesBuildPhase section */

/* Begin PBXSourcesBuildPhase section */
		9215490A28A8062B00DB2EA5 /* Sources */ = {
			isa = PBXSourcesBuildPhase;
			buildActionMask = 2147483647;
			files = (
				92E8D9FD28BBB105003BFCFC /* Utility.swift in Sources */,
				9215491628A8062B00DB2EA5 /* ViewController.swift in Sources */,
				92E8DA0328BD13F7003BFCFC /* DogCollectionViewCell.swift in Sources */,
				9215495828AD3CA900DB2EA5 /* CameraCollectionView.swift in Sources */,
				9215495A28AD3FD900DB2EA5 /* CameraDTO.swift in Sources */,
				9215495628AD3A6700DB2EA5 /* CameraCollectionViewCell.swift in Sources */,
				92E8DA1A28C25844003BFCFC /* CameraCollecionViewModel.swift in Sources */,
				92E8DA1428C0EB4E003BFCFC /* NetworkService.swift in Sources */,
				92E8DA1628C0F45B003BFCFC /* FeaturedCollection.swift in Sources */,
				92E8D9FB28BBB080003BFCFC /* MovieTableView.swift in Sources */,
				9215494428A8A81200DB2EA5 /* DeviceDTO.swift in Sources */,
				92E8DA0128BD11E6003BFCFC /* DogCollectionView.swift in Sources */,
				9215491228A8062B00DB2EA5 /* AppDelegate.swift in Sources */,
				9215494628A8A8CC00DB2EA5 /* DeviceCollectionViewCell.swift in Sources */,
				92E8D9FF28BBB739003BFCFC /* MovieTableViewCell.swift in Sources */,
				9215491428A8062B00DB2EA5 /* SceneDelegate.swift in Sources */,
			);
			runOnlyForDeploymentPostprocessing = 0;
		};
		9215492028A8062C00DB2EA5 /* Sources */ = {
			isa = PBXSourcesBuildPhase;
			buildActionMask = 2147483647;
			files = (
				9215492928A8062C00DB2EA5 /* CollectionViewCompositionalLayoutDemoTests.swift in Sources */,
			);
			runOnlyForDeploymentPostprocessing = 0;
		};
		9215492A28A8062C00DB2EA5 /* Sources */ = {
			isa = PBXSourcesBuildPhase;
			buildActionMask = 2147483647;
			files = (
				9215493528A8062C00DB2EA5 /* CollectionViewCompositionalLayoutDemoUITestsLaunchTests.swift in Sources */,
				9215493328A8062C00DB2EA5 /* CollectionViewCompositionalLayoutDemoUITests.swift in Sources */,
			);
			runOnlyForDeploymentPostprocessing = 0;
		};
/* End PBXSourcesBuildPhase section */

/* Begin PBXTargetDependency section */
		9215492628A8062C00DB2EA5 /* PBXTargetDependency */ = {
			isa = PBXTargetDependency;
			target = 9215490D28A8062B00DB2EA5 /* CollectionViewCompositionalLayoutDemo */;
			targetProxy = 9215492528A8062C00DB2EA5 /* PBXContainerItemProxy */;
		};
		9215493028A8062C00DB2EA5 /* PBXTargetDependency */ = {
			isa = PBXTargetDependency;
			target = 9215490D28A8062B00DB2EA5 /* CollectionViewCompositionalLayoutDemo */;
			targetProxy = 9215492F28A8062C00DB2EA5 /* PBXContainerItemProxy */;
		};
/* End PBXTargetDependency section */

/* Begin PBXVariantGroup section */
		9215491C28A8062C00DB2EA5 /* LaunchScreen.storyboard */ = {
			isa = PBXVariantGroup;
			children = (
				9215491D28A8062C00DB2EA5 /* Base */,
			);
			name = LaunchScreen.storyboard;
			sourceTree = "<group>";
		};
/* End PBXVariantGroup section */

/* Begin XCBuildConfiguration section */
		9215493628A8062C00DB2EA5 /* Debug */ = {
			isa = XCBuildConfiguration;
			buildSettings = {
				ALWAYS_SEARCH_USER_PATHS = NO;
				CLANG_ANALYZER_NONNULL = YES;
				CLANG_ANALYZER_NUMBER_OBJECT_CONVERSION = YES_AGGRESSIVE;
				CLANG_CXX_LANGUAGE_STANDARD = "gnu++17";
				CLANG_ENABLE_MODULES = YES;
				CLANG_ENABLE_OBJC_ARC = YES;
				CLANG_ENABLE_OBJC_WEAK = YES;
				CLANG_WARN_BLOCK_CAPTURE_AUTORELEASING = YES;
				CLANG_WARN_BOOL_CONVERSION = YES;
				CLANG_WARN_COMMA = YES;
				CLANG_WARN_CONSTANT_CONVERSION = YES;
				CLANG_WARN_DEPRECATED_OBJC_IMPLEMENTATIONS = YES;
				CLANG_WARN_DIRECT_OBJC_ISA_USAGE = YES_ERROR;
				CLANG_WARN_DOCUMENTATION_COMMENTS = YES;
				CLANG_WARN_EMPTY_BODY = YES;
				CLANG_WARN_ENUM_CONVERSION = YES;
				CLANG_WARN_INFINITE_RECURSION = YES;
				CLANG_WARN_INT_CONVERSION = YES;
				CLANG_WARN_NON_LITERAL_NULL_CONVERSION = YES;
				CLANG_WARN_OBJC_IMPLICIT_RETAIN_SELF = YES;
				CLANG_WARN_OBJC_LITERAL_CONVERSION = YES;
				CLANG_WARN_OBJC_ROOT_CLASS = YES_ERROR;
				CLANG_WARN_QUOTED_INCLUDE_IN_FRAMEWORK_HEADER = YES;
				CLANG_WARN_RANGE_LOOP_ANALYSIS = YES;
				CLANG_WARN_STRICT_PROTOTYPES = YES;
				CLANG_WARN_SUSPICIOUS_MOVE = YES;
				CLANG_WARN_UNGUARDED_AVAILABILITY = YES_AGGRESSIVE;
				CLANG_WARN_UNREACHABLE_CODE = YES;
				CLANG_WARN__DUPLICATE_METHOD_MATCH = YES;
				COPY_PHASE_STRIP = NO;
				DEBUG_INFORMATION_FORMAT = dwarf;
				ENABLE_STRICT_OBJC_MSGSEND = YES;
				ENABLE_TESTABILITY = YES;
				GCC_C_LANGUAGE_STANDARD = gnu11;
				GCC_DYNAMIC_NO_PIC = NO;
				GCC_NO_COMMON_BLOCKS = YES;
				GCC_OPTIMIZATION_LEVEL = 0;
				GCC_PREPROCESSOR_DEFINITIONS = (
					"DEBUG=1",
					"$(inherited)",
				);
				GCC_WARN_64_TO_32_BIT_CONVERSION = YES;
				GCC_WARN_ABOUT_RETURN_TYPE = YES_ERROR;
				GCC_WARN_UNDECLARED_SELECTOR = YES;
				GCC_WARN_UNINITIALIZED_AUTOS = YES_AGGRESSIVE;
				GCC_WARN_UNUSED_FUNCTION = YES;
				GCC_WARN_UNUSED_VARIABLE = YES;
				IPHONEOS_DEPLOYMENT_TARGET = 15.5;
				MTL_ENABLE_DEBUG_INFO = INCLUDE_SOURCE;
				MTL_FAST_MATH = YES;
				ONLY_ACTIVE_ARCH = YES;
				SDKROOT = iphoneos;
				SWIFT_ACTIVE_COMPILATION_CONDITIONS = DEBUG;
				SWIFT_OPTIMIZATION_LEVEL = "-Onone";
			};
			name = Debug;
		};
		9215493728A8062C00DB2EA5 /* Release */ = {
			isa = XCBuildConfiguration;
			buildSettings = {
				ALWAYS_SEARCH_USER_PATHS = NO;
				CLANG_ANALYZER_NONNULL = YES;
				CLANG_ANALYZER_NUMBER_OBJECT_CONVERSION = YES_AGGRESSIVE;
				CLANG_CXX_LANGUAGE_STANDARD = "gnu++17";
				CLANG_ENABLE_MODULES = YES;
				CLANG_ENABLE_OBJC_ARC = YES;
				CLANG_ENABLE_OBJC_WEAK = YES;
				CLANG_WARN_BLOCK_CAPTURE_AUTORELEASING = YES;
				CLANG_WARN_BOOL_CONVERSION = YES;
				CLANG_WARN_COMMA = YES;
				CLANG_WARN_CONSTANT_CONVERSION = YES;
				CLANG_WARN_DEPRECATED_OBJC_IMPLEMENTATIONS = YES;
				CLANG_WARN_DIRECT_OBJC_ISA_USAGE = YES_ERROR;
				CLANG_WARN_DOCUMENTATION_COMMENTS = YES;
				CLANG_WARN_EMPTY_BODY = YES;
				CLANG_WARN_ENUM_CONVERSION = YES;
				CLANG_WARN_INFINITE_RECURSION = YES;
				CLANG_WARN_INT_CONVERSION = YES;
				CLANG_WARN_NON_LITERAL_NULL_CONVERSION = YES;
				CLANG_WARN_OBJC_IMPLICIT_RETAIN_SELF = YES;
				CLANG_WARN_OBJC_LITERAL_CONVERSION = YES;
				CLANG_WARN_OBJC_ROOT_CLASS = YES_ERROR;
				CLANG_WARN_QUOTED_INCLUDE_IN_FRAMEWORK_HEADER = YES;
				CLANG_WARN_RANGE_LOOP_ANALYSIS = YES;
				CLANG_WARN_STRICT_PROTOTYPES = YES;
				CLANG_WARN_SUSPICIOUS_MOVE = YES;
				CLANG_WARN_UNGUARDED_AVAILABILITY = YES_AGGRESSIVE;
				CLANG_WARN_UNREACHABLE_CODE = YES;
				CLANG_WARN__DUPLICATE_METHOD_MATCH = YES;
				COPY_PHASE_STRIP = NO;
				DEBUG_INFORMATION_FORMAT = "dwarf-with-dsym";
				ENABLE_NS_ASSERTIONS = NO;
				ENABLE_STRICT_OBJC_MSGSEND = YES;
				GCC_C_LANGUAGE_STANDARD = gnu11;
				GCC_NO_COMMON_BLOCKS = YES;
				GCC_WARN_64_TO_32_BIT_CONVERSION = YES;
				GCC_WARN_ABOUT_RETURN_TYPE = YES_ERROR;
				GCC_WARN_UNDECLARED_SELECTOR = YES;
				GCC_WARN_UNINITIALIZED_AUTOS = YES_AGGRESSIVE;
				GCC_WARN_UNUSED_FUNCTION = YES;
				GCC_WARN_UNUSED_VARIABLE = YES;
				IPHONEOS_DEPLOYMENT_TARGET = 15.5;
				MTL_ENABLE_DEBUG_INFO = NO;
				MTL_FAST_MATH = YES;
				SDKROOT = iphoneos;
				SWIFT_COMPILATION_MODE = wholemodule;
				SWIFT_OPTIMIZATION_LEVEL = "-O";
				VALIDATE_PRODUCT = YES;
			};
			name = Release;
		};
		9215493928A8062C00DB2EA5 /* Debug */ = {
			isa = XCBuildConfiguration;
			buildSettings = {
				ASSETCATALOG_COMPILER_APPICON_NAME = AppIcon;
				ASSETCATALOG_COMPILER_GLOBAL_ACCENT_COLOR_NAME = AccentColor;
				CODE_SIGN_STYLE = Automatic;
				CURRENT_PROJECT_VERSION = 1;
				DEVELOPMENT_TEAM = X8D85Q5275;
				GENERATE_INFOPLIST_FILE = YES;
				INFOPLIST_FILE = CollectionViewCompositionalLayoutDemo/Info.plist;
				INFOPLIST_KEY_UIApplicationSupportsIndirectInputEvents = YES;
				INFOPLIST_KEY_UILaunchStoryboardName = LaunchScreen;
				INFOPLIST_KEY_UISupportedInterfaceOrientations_iPad = "UIInterfaceOrientationPortrait UIInterfaceOrientationPortraitUpsideDown UIInterfaceOrientationLandscapeLeft UIInterfaceOrientationLandscapeRight";
				INFOPLIST_KEY_UISupportedInterfaceOrientations_iPhone = "UIInterfaceOrientationPortrait UIInterfaceOrientationLandscapeLeft UIInterfaceOrientationLandscapeRight";
				LD_RUNPATH_SEARCH_PATHS = (
					"$(inherited)",
					"@executable_path/Frameworks",
				);
				MARKETING_VERSION = 1.0;
				PRODUCT_BUNDLE_IDENTIFIER = yuling.com.CollectionViewCompositionalLayoutDemo;
				PRODUCT_NAME = "$(TARGET_NAME)";
				SWIFT_EMIT_LOC_STRINGS = YES;
				SWIFT_VERSION = 5.0;
				TARGETED_DEVICE_FAMILY = "1,2";
			};
			name = Debug;
		};
		9215493A28A8062C00DB2EA5 /* Release */ = {
			isa = XCBuildConfiguration;
			buildSettings = {
				ASSETCATALOG_COMPILER_APPICON_NAME = AppIcon;
				ASSETCATALOG_COMPILER_GLOBAL_ACCENT_COLOR_NAME = AccentColor;
				CODE_SIGN_STYLE = Automatic;
				CURRENT_PROJECT_VERSION = 1;
				DEVELOPMENT_TEAM = X8D85Q5275;
				GENERATE_INFOPLIST_FILE = YES;
				INFOPLIST_FILE = CollectionViewCompositionalLayoutDemo/Info.plist;
				INFOPLIST_KEY_UIApplicationSupportsIndirectInputEvents = YES;
				INFOPLIST_KEY_UILaunchStoryboardName = LaunchScreen;
				INFOPLIST_KEY_UISupportedInterfaceOrientations_iPad = "UIInterfaceOrientationPortrait UIInterfaceOrientationPortraitUpsideDown UIInterfaceOrientationLandscapeLeft UIInterfaceOrientationLandscapeRight";
				INFOPLIST_KEY_UISupportedInterfaceOrientations_iPhone = "UIInterfaceOrientationPortrait UIInterfaceOrientationLandscapeLeft UIInterfaceOrientationLandscapeRight";
				LD_RUNPATH_SEARCH_PATHS = (
					"$(inherited)",
					"@executable_path/Frameworks",
				);
				MARKETING_VERSION = 1.0;
				PRODUCT_BUNDLE_IDENTIFIER = yuling.com.CollectionViewCompositionalLayoutDemo;
				PRODUCT_NAME = "$(TARGET_NAME)";
				SWIFT_EMIT_LOC_STRINGS = YES;
				SWIFT_VERSION = 5.0;
				TARGETED_DEVICE_FAMILY = "1,2";
			};
			name = Release;
		};
		9215493C28A8062C00DB2EA5 /* Debug */ = {
			isa = XCBuildConfiguration;
			buildSettings = {
				ALWAYS_EMBED_SWIFT_STANDARD_LIBRARIES = YES;
				BUNDLE_LOADER = "$(TEST_HOST)";
				CODE_SIGN_STYLE = Automatic;
				CURRENT_PROJECT_VERSION = 1;
				DEVELOPMENT_TEAM = X8D85Q5275;
				GENERATE_INFOPLIST_FILE = YES;
				IPHONEOS_DEPLOYMENT_TARGET = 15.5;
				MARKETING_VERSION = 1.0;
				PRODUCT_BUNDLE_IDENTIFIER = yuling.com.CollectionViewCompositionalLayoutDemoTests;
				PRODUCT_NAME = "$(TARGET_NAME)";
				SWIFT_EMIT_LOC_STRINGS = NO;
				SWIFT_VERSION = 5.0;
				TARGETED_DEVICE_FAMILY = "1,2";
				TEST_HOST = "$(BUILT_PRODUCTS_DIR)/CollectionViewCompositionalLayoutDemo.app/CollectionViewCompositionalLayoutDemo";
			};
			name = Debug;
		};
		9215493D28A8062C00DB2EA5 /* Release */ = {
			isa = XCBuildConfiguration;
			buildSettings = {
				ALWAYS_EMBED_SWIFT_STANDARD_LIBRARIES = YES;
				BUNDLE_LOADER = "$(TEST_HOST)";
				CODE_SIGN_STYLE = Automatic;
				CURRENT_PROJECT_VERSION = 1;
				DEVELOPMENT_TEAM = X8D85Q5275;
				GENERATE_INFOPLIST_FILE = YES;
				IPHONEOS_DEPLOYMENT_TARGET = 15.5;
				MARKETING_VERSION = 1.0;
				PRODUCT_BUNDLE_IDENTIFIER = yuling.com.CollectionViewCompositionalLayoutDemoTests;
				PRODUCT_NAME = "$(TARGET_NAME)";
				SWIFT_EMIT_LOC_STRINGS = NO;
				SWIFT_VERSION = 5.0;
				TARGETED_DEVICE_FAMILY = "1,2";
				TEST_HOST = "$(BUILT_PRODUCTS_DIR)/CollectionViewCompositionalLayoutDemo.app/CollectionViewCompositionalLayoutDemo";
			};
			name = Release;
		};
		9215493F28A8062C00DB2EA5 /* Debug */ = {
			isa = XCBuildConfiguration;
			buildSettings = {
				ALWAYS_EMBED_SWIFT_STANDARD_LIBRARIES = YES;
				CODE_SIGN_STYLE = Automatic;
				CURRENT_PROJECT_VERSION = 1;
				DEVELOPMENT_TEAM = X8D85Q5275;
				GENERATE_INFOPLIST_FILE = YES;
				MARKETING_VERSION = 1.0;
				PRODUCT_BUNDLE_IDENTIFIER = yuling.com.CollectionViewCompositionalLayoutDemoUITests;
				PRODUCT_NAME = "$(TARGET_NAME)";
				SWIFT_EMIT_LOC_STRINGS = NO;
				SWIFT_VERSION = 5.0;
				TARGETED_DEVICE_FAMILY = "1,2";
				TEST_TARGET_NAME = CollectionViewCompositionalLayoutDemo;
			};
			name = Debug;
		};
		9215494028A8062C00DB2EA5 /* Release */ = {
			isa = XCBuildConfiguration;
			buildSettings = {
				ALWAYS_EMBED_SWIFT_STANDARD_LIBRARIES = YES;
				CODE_SIGN_STYLE = Automatic;
				CURRENT_PROJECT_VERSION = 1;
				DEVELOPMENT_TEAM = X8D85Q5275;
				GENERATE_INFOPLIST_FILE = YES;
				MARKETING_VERSION = 1.0;
				PRODUCT_BUNDLE_IDENTIFIER = yuling.com.CollectionViewCompositionalLayoutDemoUITests;
				PRODUCT_NAME = "$(TARGET_NAME)";
				SWIFT_EMIT_LOC_STRINGS = NO;
				SWIFT_VERSION = 5.0;
				TARGETED_DEVICE_FAMILY = "1,2";
				TEST_TARGET_NAME = CollectionViewCompositionalLayoutDemo;
			};
			name = Release;
		};
/* End XCBuildConfiguration section */

/* Begin XCConfigurationList section */
		9215490928A8062B00DB2EA5 /* Build configuration list for PBXProject "CollectionViewCompositionalLayoutDemo" */ = {
			isa = XCConfigurationList;
			buildConfigurations = (
				9215493628A8062C00DB2EA5 /* Debug */,
				9215493728A8062C00DB2EA5 /* Release */,
			);
			defaultConfigurationIsVisible = 0;
			defaultConfigurationName = Release;
		};
		9215493828A8062C00DB2EA5 /* Build configuration list for PBXNativeTarget "CollectionViewCompositionalLayoutDemo" */ = {
			isa = XCConfigurationList;
			buildConfigurations = (
				9215493928A8062C00DB2EA5 /* Debug */,
				9215493A28A8062C00DB2EA5 /* Release */,
			);
			defaultConfigurationIsVisible = 0;
			defaultConfigurationName = Release;
		};
		9215493B28A8062C00DB2EA5 /* Build configuration list for PBXNativeTarget "CollectionViewCompositionalLayoutDemoTests" */ = {
			isa = XCConfigurationList;
			buildConfigurations = (
				9215493C28A8062C00DB2EA5 /* Debug */,
				9215493D28A8062C00DB2EA5 /* Release */,
			);
			defaultConfigurationIsVisible = 0;
			defaultConfigurationName = Release;
		};
		9215493E28A8062C00DB2EA5 /* Build configuration list for PBXNativeTarget "CollectionViewCompositionalLayoutDemoUITests" */ = {
			isa = XCConfigurationList;
			buildConfigurations = (
				9215493F28A8062C00DB2EA5 /* Debug */,
				9215494028A8062C00DB2EA5 /* Release */,
			);
			defaultConfigurationIsVisible = 0;
			defaultConfigurationName = Release;
		};
/* End XCConfigurationList section */
	};
	rootObject = 9215490628A8062B00DB2EA5 /* Project object */;
}
